
Microsoft Visual Studio Solution File, Format Version 12.00
# Visual Studio Version 17
VisualStudioVersion = 17.11.35312.102
MinimumVisualStudioVersion = 10.0.40219.1
Project("{FAE04EC0-301F-11D3-BF4B-00C04F79EFBC}") = "BestShop", "BestShop\BestShop.csproj", "{A72547AA-EECF-4982-8AE8-BE042C41A0BB}"
EndProject
Global
	GlobalSection(SolutionConfigurationPlatforms) = preSolution
		Debug|Any CPU = Debug|Any CPU
		Release|Any CPU = Release|Any CPU
	EndGlobalSection
	GlobalSection(ProjectConfigurationPlatforms) = postSolution
		{A72547AA-EECF-4982-8AE8-BE042C41A0BB}.Debug|Any CPU.ActiveCfg = Debug|Any CPU
		{A72547AA-EECF-4982-8AE8-BE042C41A0BB}.Debug|Any CPU.Build.0 = Debug|Any CPU
		{A72547AA-EECF-4982-8AE8-BE042C41A0BB}.Release|Any CPU.ActiveCfg = Release|Any CPU
		{A72547AA-EECF-4982-8AE8-BE042C41A0BB}.Release|Any CPU.Build.0 = Release|Any CPU
	EndGlobalSection
	GlobalSection(SolutionProperties) = preSolution
		HideSolutionNode = FALSE
	EndGlobalSection
	GlobalSection(ExtensibilityGlobals) = postSolution
		SolutionGuid = {BF21BDBD-472D-4306-A941-01527D5EABDD}
	EndGlobalSection
EndGlobal
